
Microsoft Visual Studio Solution File, Format Version 12.00
# Visual Studio Version 17
VisualStudioVersion = 17.9.34728.123
MinimumVisualStudioVersion = 10.0.40219.1
Project("{FAE04EC0-301F-11D3-BF4B-00C04F79EFBC}") = "Yemek Tarifi Sitesi", "Yemek Tarifi Sitesi.csproj", "{66E52310-B1F0-4E3B-9642-CD0E9F09FA40}"
EndProject
Global
	GlobalSection(SolutionConfigurationPlatforms) = preSolution
		Debug|Any CPU = Debug|Any CPU
		Release|Any CPU = Release|Any CPU
	EndGlobalSection
	GlobalSection(ProjectConfigurationPlatforms) = postSolution
		{66E52310-B1F0-4E3B-9642-CD0E9F09FA40}.Debug|Any CPU.ActiveCfg = Debug|Any CPU
		{66E52310-B1F0-4E3B-9642-CD0E9F09FA40}.Debug|Any CPU.Build.0 = Debug|Any CPU
		{66E52310-B1F0-4E3B-9642-CD0E9F09FA40}.Release|Any CPU.ActiveCfg = Release|Any CPU
		{66E52310-B1F0-4E3B-9642-CD0E9F09FA40}.Release|Any CPU.Build.0 = Release|Any CPU
	EndGlobalSection
	GlobalSection(SolutionProperties) = preSolution
		HideSolutionNode = FALSE
	EndGlobalSection
	GlobalSection(ExtensibilityGlobals) = postSolution
		SolutionGuid = {16C06517-E0ED-4F5A-9319-E62C1D96DC5A}
	EndGlobalSection
EndGlobal
